
Microsoft Visual Studio Solution File, Format Version 12.00
# Visual Studio Version 17
VisualStudioVersion = 17.6.33723.286
MinimumVisualStudioVersion = 10.0.40219.1
Project("{FAE04EC0-301F-11D3-BF4B-00C04F79EFBC}") = "SWP_Project", "SWP_Project\SWP_Project.csproj", "{2A80CBD4-3A0B-4536-B944-7923D1748845}"
EndProject
Global
	GlobalSection(SolutionConfigurationPlatforms) = preSolution
		Debug|Any CPU = Debug|Any CPU
		Release|Any CPU = Release|Any CPU
	EndGlobalSection
	GlobalSection(ProjectConfigurationPlatforms) = postSolution
		{2A80CBD4-3A0B-4536-B944-7923D1748845}.Debug|Any CPU.ActiveCfg = Debug|Any CPU
		{2A80CBD4-3A0B-4536-B944-7923D1748845}.Debug|Any CPU.Build.0 = Debug|Any CPU
		{2A80CBD4-3A0B-4536-B944-7923D1748845}.Release|Any CPU.ActiveCfg = Release|Any CPU
		{2A80CBD4-3A0B-4536-B944-7923D1748845}.Release|Any CPU.Build.0 = Release|Any CPU
	EndGlobalSection
	GlobalSection(SolutionProperties) = preSolution
		HideSolutionNode = FALSE
	EndGlobalSection
	GlobalSection(ExtensibilityGlobals) = postSolution
		SolutionGuid = {1DBE00CB-C3A5-4169-8EA2-5743DDFC79DB}
	EndGlobalSection
EndGlobal
